
Microsoft Visual Studio Solution File, Format Version 12.00
# Visual Studio Version 16
VisualStudioVersion = 16.0.30907.101
MinimumVisualStudioVersion = 10.0.40219.1
Project("{FAE04EC0-301F-11D3-BF4B-00C04F79EFBC}") = "GetTableEntities", "GetTableEntities\GetTableEntities.csproj", "{89919F68-0950-43BF-89AB-A4935B3EB94B}"
EndProject
Global
	GlobalSection(SolutionConfigurationPlatforms) = preSolution
		Debug|Any CPU = Debug|Any CPU
		Release|Any CPU = Release|Any CPU
	EndGlobalSection
	GlobalSection(ProjectConfigurationPlatforms) = postSolution
		{89919F68-0950-43BF-89AB-A4935B3EB94B}.Debug|Any CPU.ActiveCfg = Debug|Any CPU
		{89919F68-0950-43BF-89AB-A4935B3EB94B}.Debug|Any CPU.Build.0 = Debug|Any CPU
		{89919F68-0950-43BF-89AB-A4935B3EB94B}.Release|Any CPU.ActiveCfg = Release|Any CPU
		{89919F68-0950-43BF-89AB-A4935B3EB94B}.Release|Any CPU.Build.0 = Release|Any CPU
	EndGlobalSection
	GlobalSection(SolutionProperties) = preSolution
		HideSolutionNode = FALSE
	EndGlobalSection
	GlobalSection(ExtensibilityGlobals) = postSolution
		SolutionGuid = {976C75F7-5D38-4BC1-B722-D7FD256753AD}
	EndGlobalSection
EndGlobal
